{
    "name": "openraildata-refdata",
    "version": "1.1.0",
    "lockfileVersion": 1,
    "dependencies": {
        "bindings": {
            "version": "1.2.1",
            "resolved": "https://registry.npmjs.org/bindings/-/bindings-1.2.1.tgz",
            "integrity": "sha1-FK1hE4EtLTfXLme0ystLtyZQXxE="
        },
        "core-util-is": {
            "version": "1.0.2",
            "resolved": "https://registry.npmjs.org/core-util-is/-/core-util-is-1.0.2.tgz",
            "integrity": "sha1-tf1UIgqivFq1eqtxQMlAdUUDwac="
        },
        "fs-extra": {
            "version": "3.0.1",
            "resolved": "https://registry.npmjs.org/fs-extra/-/fs-extra-3.0.1.tgz",
            "integrity": "sha1-N5TzeMWLNC6n27sjCVEJxLO2IpE="
        },
        "ftp": {
            "version": "0.3.10",
            "resolved": "https://registry.npmjs.org/ftp/-/ftp-0.3.10.tgz",
            "integrity": "sha1-kZfYYa2BQvPmPVqDv+TFn3MwiF0="
        },
        "graceful-fs": {
            "version": "4.1.11",
            "resolved": "https://registry.npmjs.org/graceful-fs/-/graceful-fs-4.1.11.tgz",
            "integrity": "sha1-Dovf5NHduIVNZOBOp8AOKgJuVlg="
        },
        "hoek": {
            "version": "4.1.1",
            "resolved": "https://registry.npmjs.org/hoek/-/hoek-4.1.1.tgz",
            "integrity": "sha1-nMVz/7ore0CPtenCoTeWvpTN3Ok="
        },
        "inherits": {
            "version": "2.0.3",
            "resolved": "https://registry.npmjs.org/inherits/-/inherits-2.0.3.tgz",
            "integrity": "sha1-Yzwsg+PaQqUC9SRmAiSA9CCCYd4="
        },
        "isarray": {
            "version": "0.0.1",
            "resolved": "https://registry.npmjs.org/isarray/-/isarray-0.0.1.tgz",
            "integrity": "sha1-ihis/Kmo9Bd+Cav8YDiTmwXR7t8="
        },
        "isemail": {
            "version": "2.2.1",
            "resolved": "https://registry.npmjs.org/isemail/-/isemail-2.2.1.tgz",
            "integrity": "sha1-A1PT2aYpUQgMJiwqoKQrjqjp4qY="
        },
        "items": {
            "version": "2.1.1",
            "resolved": "https://registry.npmjs.org/items/-/items-2.1.1.tgz",
            "integrity": "sha1-i9FtnIOxlSneWuoyGsqtp4NkoZg="
        },
        "joi": {
            "version": "9.2.0",
            "resolved": "https://registry.npmjs.org/joi/-/joi-9.2.0.tgz",
            "integrity": "sha1-M4WseQGSEwy+Iw6ALsAskhW7/to="
        },
        "jsonfile": {
            "version": "3.0.0",
            "resolved": "https://registry.npmjs.org/jsonfile/-/jsonfile-3.0.0.tgz",
            "integrity": "sha1-kufHRE5f/V+jLmqa6LhQNN+DR9A="
        },
        "lodash": {
            "version": "4.17.4",
            "resolved": "https://registry.npmjs.org/lodash/-/lodash-4.17.4.tgz",
            "integrity": "sha1-eCA6TRwyiuHYbcpkYONptX9AVa4="
        },
        "moment": {
            "version": "2.18.1",
            "resolved": "https://registry.npmjs.org/moment/-/moment-2.18.1.tgz",
            "integrity": "sha1-w2GT3Tzhwu7SrbfIAtu8d6gbHA8="
        },
        "nan": {
            "version": "2.6.2",
            "resolved": "https://registry.npmjs.org/nan/-/nan-2.6.2.tgz",
            "integrity": "sha1-5P805slf37WuzAjeZZb0NgWn20U="
        },
        "node-expat": {
            "version": "2.3.15",
            "resolved": "https://registry.npmjs.org/node-expat/-/node-expat-2.3.15.tgz",
            "integrity": "sha1-lqU6C8AGSdr3j0/AdKI+ZEwiO0w="
        },
        "process-nextick-args": {
            "version": "1.0.7",
            "resolved": "https://registry.npmjs.org/process-nextick-args/-/process-nextick-args-1.0.7.tgz",
            "integrity": "sha1-FQ4gt1ZZCtP5EJPyWk8q2L/zC6M="
        },
        "readable-stream": {
            "version": "1.1.14",
            "resolved": "https://registry.npmjs.org/readable-stream/-/readable-stream-1.1.14.tgz",
            "integrity": "sha1-fPTFTvZI44EwhMY23SB54WbAgdk="
        },
        "safe-buffer": {
            "version": "5.1.1",
            "resolved": "https://registry.npmjs.org/safe-buffer/-/safe-buffer-5.1.1.tgz",
            "integrity": "sha512-kKvNJn6Mm93gAczWVJg7wH+wGYWNrDHdWvpUmHyEsgCtIwwo3bqPtV4tR5tuPaUhTOo/kvhVwd8XwwOllGYkbg=="
        },
        "sax": {
            "version": "1.2.2",
            "resolved": "https://registry.npmjs.org/sax/-/sax-1.2.2.tgz",
            "integrity": "sha1-/YYxojvHgmvvXYcb24c3jJVkeCg="
        },
        "string_decoder": {
            "version": "0.10.31",
            "resolved": "https://registry.npmjs.org/string_decoder/-/string_decoder-0.10.31.tgz",
            "integrity": "sha1-YuIDvEF2bGwoyfyEMB2rHFMQ+pQ="
        },
        "through2": {
            "version": "2.0.3",
            "resolved": "https://registry.npmjs.org/through2/-/through2-2.0.3.tgz",
            "integrity": "sha1-AARWmzfHx0ujnEPzzteNGtlBQL4=",
            "dependencies": {
                "isarray": {
                    "version": "1.0.0",
                    "resolved": "https://registry.npmjs.org/isarray/-/isarray-1.0.0.tgz",
                    "integrity": "sha1-u5NdSFgsuhaMBoNJV6VKPgcSTxE="
                },
                "readable-stream": {
                    "version": "2.3.1",
                    "resolved": "https://registry.npmjs.org/readable-stream/-/readable-stream-2.3.1.tgz",
                    "integrity": "sha512-u6cxIvtbZcjq2HH71Zc/SRBUl7vbv62szIqmqqGpK3HY5J1c0kR/LUzKUpeoFgMzapvVAlBD+QY56ilWmHi4Nw=="
                },
                "string_decoder": {
                    "version": "1.0.2",
                    "resolved": "https://registry.npmjs.org/string_decoder/-/string_decoder-1.0.2.tgz",
                    "integrity": "sha1-sp4fThEl+pehA4K4pTNze3SR4Xk=",
                    "dependencies": {
                        "safe-buffer": {
                            "version": "5.0.1",
                            "resolved": "https://registry.npmjs.org/safe-buffer/-/safe-buffer-5.0.1.tgz",
                            "integrity": "sha1-0mPKVGls2KMGtcplUekt5XkY++c="
                        }
                    }
                }
            }
        },
        "topo": {
            "version": "2.0.2",
            "resolved": "https://registry.npmjs.org/topo/-/topo-2.0.2.tgz",
            "integrity": "sha1-zVYVdSU5BXwNwEkaYhw7xvvh0YI="
        },
        "universalify": {
            "version": "0.1.0",
            "resolved": "https://registry.npmjs.org/universalify/-/universalify-0.1.0.tgz",
            "integrity": "sha1-nrHEZR3rzGcMyU8adXYjMruWd3g="
        },
        "util-deprecate": {
            "version": "1.0.2",
            "resolved": "https://registry.npmjs.org/util-deprecate/-/util-deprecate-1.0.2.tgz",
            "integrity": "sha1-RQ1Nyfpw3nMnYvvS1KKJgUGaDM8="
        },
        "xml-objects": {
            "version": "1.0.1",
            "resolved": "https://registry.npmjs.org/xml-objects/-/xml-objects-1.0.1.tgz",
            "integrity": "sha1-mCcaiVexBIBah/ge2DtMfurFTpg="
        },
        "xml2js": {
            "version": "0.4.17",
            "resolved": "https://registry.npmjs.org/xml2js/-/xml2js-0.4.17.tgz",
            "integrity": "sha1-F76T6q4/O3eTWceVtBlwWogX6Gg="
        },
        "xml2json": {
            "version": "0.11.0",
            "resolved": "https://registry.npmjs.org/xml2json/-/xml2json-0.11.0.tgz",
            "integrity": "sha1-HVTx2GjbvQSJK4RdfLrZTFKOFuQ="
        },
        "xmlbuilder": {
            "version": "4.2.1",
            "resolved": "https://registry.npmjs.org/xmlbuilder/-/xmlbuilder-4.2.1.tgz",
            "integrity": "sha1-qlijBBoGb5DqoWwvU4n/GfP0YaU="
        },
        "xregexp": {
            "version": "2.0.0",
            "resolved": "https://registry.npmjs.org/xregexp/-/xregexp-2.0.0.tgz",
            "integrity": "sha1-UqY+VsoLhKfzpfPWGHLxJq16WUM="
        },
        "xtend": {
            "version": "4.0.1",
            "resolved": "https://registry.npmjs.org/xtend/-/xtend-4.0.1.tgz",
            "integrity": "sha1-pcbVMr5lbiPbgg77lDofBJmNY68="
        }
    }
}
